
Microsoft Visual Studio Solution File, Format Version 12.00
# Visual Studio Version 16
VisualStudioVersion = 16.0.29911.84
MinimumVisualStudioVersion = 10.0.40219.1
Project("{FAE04EC0-301F-11D3-BF4B-00C04F79EFBC}") = "APBD-cw3", "APBD-cw3\APBD-cw3.csproj", "{9CB787F4-11CC-44A5-825E-DD4D6E11E001}"
EndProject
Global
	GlobalSection(SolutionConfigurationPlatforms) = preSolution
		Debug|Any CPU = Debug|Any CPU
		Release|Any CPU = Release|Any CPU
	EndGlobalSection
	GlobalSection(ProjectConfigurationPlatforms) = postSolution
		{9CB787F4-11CC-44A5-825E-DD4D6E11E001}.Debug|Any CPU.ActiveCfg = Debug|Any CPU
		{9CB787F4-11CC-44A5-825E-DD4D6E11E001}.Debug|Any CPU.Build.0 = Debug|Any CPU
		{9CB787F4-11CC-44A5-825E-DD4D6E11E001}.Release|Any CPU.ActiveCfg = Release|Any CPU
		{9CB787F4-11CC-44A5-825E-DD4D6E11E001}.Release|Any CPU.Build.0 = Release|Any CPU
	EndGlobalSection
	GlobalSection(SolutionProperties) = preSolution
		HideSolutionNode = FALSE
	EndGlobalSection
	GlobalSection(ExtensibilityGlobals) = postSolution
		SolutionGuid = {B49B711F-D708-4028-B0C0-399D73E38B2F}
	EndGlobalSection
EndGlobal
